
Microsoft Visual Studio Solution File, Format Version 12.00
# Visual Studio Version 17
VisualStudioVersion = 17.7.34221.43
MinimumVisualStudioVersion = 10.0.40219.1
Project("{9A19103F-16F7-4668-BE54-9A1E7A4F7556}") = "TruTimeZones", "TruTimeZones\TruTimeZones.csproj", "{889D5690-92E6-4158-8860-2E610A13E6B4}"
EndProject
Project("{FAE04EC0-301F-11D3-BF4B-00C04F79EFBC}") = "Demo", "Demo\Demo.csproj", "{3F31CAEE-047C-477B-8866-A8563111FE52}"
EndProject
Global
	GlobalSection(SolutionConfigurationPlatforms) = preSolution
		Debug|Any CPU = Debug|Any CPU
		Release|Any CPU = Release|Any CPU
	EndGlobalSection
	GlobalSection(ProjectConfigurationPlatforms) = postSolution
		{889D5690-92E6-4158-8860-2E610A13E6B4}.Debug|Any CPU.ActiveCfg = Debug|Any CPU
		{889D5690-92E6-4158-8860-2E610A13E6B4}.Debug|Any CPU.Build.0 = Debug|Any CPU
		{889D5690-92E6-4158-8860-2E610A13E6B4}.Release|Any CPU.ActiveCfg = Release|Any CPU
		{889D5690-92E6-4158-8860-2E610A13E6B4}.Release|Any CPU.Build.0 = Release|Any CPU
		{3F31CAEE-047C-477B-8866-A8563111FE52}.Debug|Any CPU.ActiveCfg = Debug|Any CPU
		{3F31CAEE-047C-477B-8866-A8563111FE52}.Debug|Any CPU.Build.0 = Debug|Any CPU
		{3F31CAEE-047C-477B-8866-A8563111FE52}.Release|Any CPU.ActiveCfg = Release|Any CPU
		{3F31CAEE-047C-477B-8866-A8563111FE52}.Release|Any CPU.Build.0 = Release|Any CPU
	EndGlobalSection
	GlobalSection(SolutionProperties) = preSolution
		HideSolutionNode = FALSE
	EndGlobalSection
	GlobalSection(ExtensibilityGlobals) = postSolution
		SolutionGuid = {02E1192C-3156-4FD4-A615-E36C5C03D358}
	EndGlobalSection
EndGlobal
